
Microsoft Visual Studio Solution File, Format Version 12.00
# Visual Studio Version 16
VisualStudioVersion = 16.0.30330.147
MinimumVisualStudioVersion = 10.0.40219.1
Project("{FAE04EC0-301F-11D3-BF4B-00C04F79EFBC}") = "EmpleadoAumento", "EmpleadoAumento\EmpleadoAumento.csproj", "{37CD3E11-FCF4-47C0-8B0B-1519B1D2B060}"
EndProject
Global
	GlobalSection(SolutionConfigurationPlatforms) = preSolution
		Debug|Any CPU = Debug|Any CPU
		Release|Any CPU = Release|Any CPU
	EndGlobalSection
	GlobalSection(ProjectConfigurationPlatforms) = postSolution
		{37CD3E11-FCF4-47C0-8B0B-1519B1D2B060}.Debug|Any CPU.ActiveCfg = Debug|Any CPU
		{37CD3E11-FCF4-47C0-8B0B-1519B1D2B060}.Debug|Any CPU.Build.0 = Debug|Any CPU
		{37CD3E11-FCF4-47C0-8B0B-1519B1D2B060}.Release|Any CPU.ActiveCfg = Release|Any CPU
		{37CD3E11-FCF4-47C0-8B0B-1519B1D2B060}.Release|Any CPU.Build.0 = Release|Any CPU
	EndGlobalSection
	GlobalSection(SolutionProperties) = preSolution
		HideSolutionNode = FALSE
	EndGlobalSection
	GlobalSection(ExtensibilityGlobals) = postSolution
		SolutionGuid = {7492E0C5-6A4E-4708-B726-25E45C0E0BF3}
	EndGlobalSection
EndGlobal
